// !$*UTF8*$!
{
	archiveVersion = 1;
	classes = {
	};
	objectVersion = 50;
	objects = {

/* Begin PBXBuildFile section */
		EF9C536821111BB600C7563A /* AppDelegate.m in Sources */ = {isa = PBXBuildFile; fileRef = EF9C536721111BB600C7563A /* AppDelegate.m */; };
		EF9C536B21111BB600C7563A /* DocumentBrowserViewController.m in Sources */ = {isa = PBXBuildFile; fileRef = EF9C536A21111BB600C7563A /* DocumentBrowserViewController.m */; };
		EF9C536E21111BB600C7563A /* DocumentViewController.m in Sources */ = {isa = PBXBuildFile; fileRef = EF9C536D21111BB600C7563A /* DocumentViewController.m */; };
		EF9C537121111BB600C7563A /* Document.m in Sources */ = {isa = PBXBuildFile; fileRef = EF9C537021111BB600C7563A /* Document.m */; };
		EF9C537421111BB600C7563A /* Main.storyboard in Resources */ = {isa = PBXBuildFile; fileRef = EF9C537221111BB600C7563A /* Main.storyboard */; };
		EF9C537621111BB700C7563A /* Assets.xcassets in Resources */ = {isa = PBXBuildFile; fileRef = EF9C537521111BB700C7563A /* Assets.xcassets */; };
		EF9C537921111BB700C7563A /* LaunchScreen.storyboard in Resources */ = {isa = PBXBuildFile; fileRef = EF9C537721111BB700C7563A /* LaunchScreen.storyboard */; };
		EF9C537C21111BB700C7563A /* main.m in Sources */ = {isa = PBXBuildFile; fileRef = EF9C537B21111BB700C7563A /* main.m */; };
		EF9C538621111BB700C7563A /* DemoJummumOmUrlTests.m in Sources */ = {isa = PBXBuildFile; fileRef = EF9C538521111BB700C7563A /* DemoJummumOmUrlTests.m */; };
		EF9C539121111BB700C7563A /* DemoJummumOmUrlUITests.m in Sources */ = {isa = PBXBuildFile; fileRef = EF9C539021111BB700C7563A /* DemoJummumOmUrlUITests.m */; };
		EF9C53BD21111BC600C7563A /* JMSBranchGet.php in Resources */ = {isa = PBXBuildFile; fileRef = EF9C539F21111BC600C7563A /* JMSBranchGet.php */; };
		EF9C53BE21111BC600C7563A /* JMSCredentialsValidate.php in Resources */ = {isa = PBXBuildFile; fileRef = EF9C53A021111BC600C7563A /* JMSCredentialsValidate.php */; };
		EF9C53BF21111BC600C7563A /* JMSCredentialsDbGet.php in Resources */ = {isa = PBXBuildFile; fileRef = EF9C53A121111BC600C7563A /* JMSCredentialsDbGet.php */; };
		EF9C53C021111BC600C7563A /* errorLog20180731.log in Resources */ = {isa = PBXBuildFile; fileRef = EF9C53A221111BC600C7563A /* errorLog20180731.log */; };
		EF9C53C121111BC600C7563A /* JMSSettingGet.php in Resources */ = {isa = PBXBuildFile; fileRef = EF9C53A321111BC600C7563A /* JMSSettingGet.php */; };
		EF9C53C221111BC600C7563A /* ck.pem in Resources */ = {isa = PBXBuildFile; fileRef = EF9C53A421111BC600C7563A /* ck.pem */; };
		EF9C53C321111BC600C7563A /* JMSJummumReceiptGetList.php in Resources */ = {isa = PBXBuildFile; fileRef = EF9C53A521111BC600C7563A /* JMSJummumReceiptGetList.php */; };
		EF9C53C421111BC600C7563A /* JMSReceiptMaxModifiedDateGetList.php in Resources */ = {isa = PBXBuildFile; fileRef = EF9C53A621111BC600C7563A /* JMSReceiptMaxModifiedDateGetList.php */; };
		EF9C53C521111BC600C7563A /* transactionLog20180730.log in Resources */ = {isa = PBXBuildFile; fileRef = EF9C53A721111BC600C7563A /* transactionLog20180730.log */; };
		EF9C53C621111BC600C7563A /* JMSMasterGet.php in Resources */ = {isa = PBXBuildFile; fileRef = EF9C53A821111BC600C7563A /* JMSMasterGet.php */; };
		EF9C53C721111BC600C7563A /* HtmlTermsOfService.html in Resources */ = {isa = PBXBuildFile; fileRef = EF9C53A921111BC600C7563A /* HtmlTermsOfService.html */; };
		EF9C53C821111BC600C7563A /* transactionLog20180731.log in Resources */ = {isa = PBXBuildFile; fileRef = EF9C53AA21111BC600C7563A /* transactionLog20180731.log */; };
		EF9C53C921111BC600C7563A /* JMSUserAccountForgotPasswordInsert.php in Resources */ = {isa = PBXBuildFile; fileRef = EF9C53AB21111BC600C7563A /* JMSUserAccountForgotPasswordInsert.php */; };
		EF9C53CA21111BC600C7563A /* HtmlContactUs.html in Resources */ = {isa = PBXBuildFile; fileRef = EF9C53AC21111BC600C7563A /* HtmlContactUs.html */; };
		EF9C53CB21111BC600C7563A /* dbConnect.php in Resources */ = {isa = PBXBuildFile; fileRef = EF9C53AD21111BC600C7563A /* dbConnect.php */; };
		EF9C53CC21111BC600C7563A /* HtmlEmailTemplateForgotPassword.html in Resources */ = {isa = PBXBuildFile; fileRef = EF9C53AE21111BC600C7563A /* HtmlEmailTemplateForgotPassword.html */; };
		EF9C53CD21111BC600C7563A /* JMSJummumReceiptUpdate.php in Resources */ = {isa = PBXBuildFile; fileRef = EF9C53AF21111BC600C7563A /* JMSJummumReceiptUpdate.php */; };
		EF9C53CE21111BC600C7563A /* JMSReceiptGet.php in Resources */ = {isa = PBXBuildFile; fileRef = EF9C53B021111BC600C7563A /* JMSReceiptGet.php */; };
		EF9C53CF21111BC600C7563A /* transactionLog20180728.log in Resources */ = {isa = PBXBuildFile; fileRef = EF9C53B121111BC600C7563A /* transactionLog20180728.log */; };
		EF9C53D021111BC600C7563A /* JMSJummumReceiptSendToKitchen.php in Resources */ = {isa = PBXBuildFile; fileRef = EF9C53B221111BC600C7563A /* JMSJummumReceiptSendToKitchen.php */; };
		EF9C53D121111BC600C7563A /* JMSWriteLog.php in Resources */ = {isa = PBXBuildFile; fileRef = EF9C53B321111BC600C7563A /* JMSWriteLog.php */; };
		EF9C53D221111BC600C7563A /* JMSDeviceInsert.php in Resources */ = {isa = PBXBuildFile; fileRef = EF9C53B421111BC600C7563A /* JMSDeviceInsert.php */; };
		EF9C53D321111BC600C7563A /* JMSReceiptSummaryGetList.php in Resources */ = {isa = PBXBuildFile; fileRef = EF9C53B521111BC600C7563A /* JMSReceiptSummaryGetList.php */; };
		EF9C53D421111BC600C7563A /* JMSReceiptPrintInsertList.php in Resources */ = {isa = PBXBuildFile; fileRef = EF9C53B621111BC600C7563A /* JMSReceiptPrintInsertList.php */; };
		EF9C53D521111BC600C7563A /* JMSUserAccountValidate.php in Resources */ = {isa = PBXBuildFile; fileRef = EF9C53B721111BC600C7563A /* JMSUserAccountValidate.php */; };
		EF9C53D621111BC600C7563A /* JMSOpeningTimeTextGet.php in Resources */ = {isa = PBXBuildFile; fileRef = EF9C53B821111BC600C7563A /* JMSOpeningTimeTextGet.php */; };
		EF9C53D721111BC600C7563A /* JMSDisputeCancelInsert.php in Resources */ = {isa = PBXBuildFile; fileRef = EF9C53B921111BC600C7563A /* JMSDisputeCancelInsert.php */; };
		EF9C53D821111BC600C7563A /* JMSSettingUpdate.php in Resources */ = {isa = PBXBuildFile; fileRef = EF9C53BA21111BC600C7563A /* JMSSettingUpdate.php */; };
		EF9C53D921111BC600C7563A /* JMSDisputeReasonGetList.php in Resources */ = {isa = PBXBuildFile; fileRef = EF9C53BB21111BC600C7563A /* JMSDisputeReasonGetList.php */; };
		EF9C53DA21111BC600C7563A /* JMSDisputeInsert.php in Resources */ = {isa = PBXBuildFile; fileRef = EF9C53BC21111BC600C7563A /* JMSDisputeInsert.php */; };
		EF9C53DD21111C0E00C7563A /* demo_jummum_om_mamarin7.sql in Resources */ = {isa = PBXBuildFile; fileRef = EF9C53DB21111C0D00C7563A /* demo_jummum_om_mamarin7.sql */; };
		EF9C53DE21111C0E00C7563A /* demo_jummum_om.sql in Resources */ = {isa = PBXBuildFile; fileRef = EF9C53DC21111C0D00C7563A /* demo_jummum_om.sql */; };
/* End PBXBuildFile section */

/* Begin PBXContainerItemProxy section */
		EF9C538221111BB700C7563A /* PBXContainerItemProxy */ = {
			isa = PBXContainerItemProxy;
			containerPortal = EF9C535B21111BB600C7563A /* Project object */;
			proxyType = 1;
			remoteGlobalIDString = EF9C536221111BB600C7563A;
			remoteInfo = DemoJummumOmUrl;
		};
		EF9C538D21111BB700C7563A /* PBXContainerItemProxy */ = {
			isa = PBXContainerItemProxy;
			containerPortal = EF9C535B21111BB600C7563A /* Project object */;
			proxyType = 1;
			remoteGlobalIDString = EF9C536221111BB600C7563A;
			remoteInfo = DemoJummumOmUrl;
		};
/* End PBXContainerItemProxy section */

/* Begin PBXFileReference section */
		EF9C536321111BB600C7563A /* DemoJummumOmUrl.app */ = {isa = PBXFileReference; explicitFileType = wrapper.application; includeInIndex = 0; path = DemoJummumOmUrl.app; sourceTree = BUILT_PRODUCTS_DIR; };
		EF9C536621111BB600C7563A /* AppDelegate.h */ = {isa = PBXFileReference; lastKnownFileType = sourcecode.c.h; path = AppDelegate.h; sourceTree = "<group>"; };
		EF9C536721111BB600C7563A /* AppDelegate.m */ = {isa = PBXFileReference; lastKnownFileType = sourcecode.c.objc; path = AppDelegate.m; sourceTree = "<group>"; };
		EF9C536921111BB600C7563A /* DocumentBrowserViewController.h */ = {isa = PBXFileReference; lastKnownFileType = sourcecode.c.h; path = DocumentBrowserViewController.h; sourceTree = "<group>"; };
		EF9C536A21111BB600C7563A /* DocumentBrowserViewController.m */ = {isa = PBXFileReference; lastKnownFileType = sourcecode.c.objc; path = DocumentBrowserViewController.m; sourceTree = "<group>"; };
		EF9C536C21111BB600C7563A /* DocumentViewController.h */ = {isa = PBXFileReference; lastKnownFileType = sourcecode.c.h; path = DocumentViewController.h; sourceTree = "<group>"; };
		EF9C536D21111BB600C7563A /* DocumentViewController.m */ = {isa = PBXFileReference; lastKnownFileType = sourcecode.c.objc; path = DocumentViewController.m; sourceTree = "<group>"; };
		EF9C536F21111BB600C7563A /* Document.h */ = {isa = PBXFileReference; lastKnownFileType = sourcecode.c.h; path = Document.h; sourceTree = "<group>"; };
		EF9C537021111BB600C7563A /* Document.m */ = {isa = PBXFileReference; lastKnownFileType = sourcecode.c.objc; path = Document.m; sourceTree = "<group>"; };
		EF9C537321111BB600C7563A /* Base */ = {isa = PBXFileReference; lastKnownFileType = file.storyboard; name = Base; path = Base.lproj/Main.storyboard; sourceTree = "<group>"; };
		EF9C537521111BB700C7563A /* Assets.xcassets */ = {isa = PBXFileReference; lastKnownFileType = folder.assetcatalog; path = Assets.xcassets; sourceTree = "<group>"; };
		EF9C537821111BB700C7563A /* Base */ = {isa = PBXFileReference; lastKnownFileType = file.storyboard; name = Base; path = Base.lproj/LaunchScreen.storyboard; sourceTree = "<group>"; };
		EF9C537A21111BB700C7563A /* Info.plist */ = {isa = PBXFileReference; lastKnownFileType = text.plist.xml; path = Info.plist; sourceTree = "<group>"; };
		EF9C537B21111BB700C7563A /* main.m */ = {isa = PBXFileReference; lastKnownFileType = sourcecode.c.objc; path = main.m; sourceTree = "<group>"; };
		EF9C538121111BB700C7563A /* DemoJummumOmUrlTests.xctest */ = {isa = PBXFileReference; explicitFileType = wrapper.cfbundle; includeInIndex = 0; path = DemoJummumOmUrlTests.xctest; sourceTree = BUILT_PRODUCTS_DIR; };
		EF9C538521111BB700C7563A /* DemoJummumOmUrlTests.m */ = {isa = PBXFileReference; lastKnownFileType = sourcecode.c.objc; path = DemoJummumOmUrlTests.m; sourceTree = "<group>"; };
		EF9C538721111BB700C7563A /* Info.plist */ = {isa = PBXFileReference; lastKnownFileType = text.plist.xml; path = Info.plist; sourceTree = "<group>"; };
		EF9C538C21111BB700C7563A /* DemoJummumOmUrlUITests.xctest */ = {isa = PBXFileReference; explicitFileType = wrapper.cfbundle; includeInIndex = 0; path = DemoJummumOmUrlUITests.xctest; sourceTree = BUILT_PRODUCTS_DIR; };
		EF9C539021111BB700C7563A /* DemoJummumOmUrlUITests.m */ = {isa = PBXFileReference; lastKnownFileType = sourcecode.c.objc; path = DemoJummumOmUrlUITests.m; sourceTree = "<group>"; };
		EF9C539221111BB700C7563A /* Info.plist */ = {isa = PBXFileReference; lastKnownFileType = text.plist.xml; path = Info.plist; sourceTree = "<group>"; };
		EF9C539F21111BC600C7563A /* JMSBranchGet.php */ = {isa = PBXFileReference; fileEncoding = 4; lastKnownFileType = text.script.php; path = JMSBranchGet.php; sourceTree = "<group>"; };
		EF9C53A021111BC600C7563A /* JMSCredentialsValidate.php */ = {isa = PBXFileReference; fileEncoding = 4; lastKnownFileType = text.script.php; path = JMSCredentialsValidate.php; sourceTree = "<group>"; };
		EF9C53A121111BC600C7563A /* JMSCredentialsDbGet.php */ = {isa = PBXFileReference; fileEncoding = 4; lastKnownFileType = text.script.php; path = JMSCredentialsDbGet.php; sourceTree = "<group>"; };
		EF9C53A221111BC600C7563A /* errorLog20180731.log */ = {isa = PBXFileReference; fileEncoding = 4; lastKnownFileType = text; path = errorLog20180731.log; sourceTree = "<group>"; };
		EF9C53A321111BC600C7563A /* JMSSettingGet.php */ = {isa = PBXFileReference; fileEncoding = 4; lastKnownFileType = text.script.php; path = JMSSettingGet.php; sourceTree = "<group>"; };
		EF9C53A421111BC600C7563A /* ck.pem */ = {isa = PBXFileReference; fileEncoding = 4; lastKnownFileType = text; path = ck.pem; sourceTree = "<group>"; };
		EF9C53A521111BC600C7563A /* JMSJummumReceiptGetList.php */ = {isa = PBXFileReference; fileEncoding = 4; lastKnownFileType = text.script.php; path = JMSJummumReceiptGetList.php; sourceTree = "<group>"; };
		EF9C53A621111BC600C7563A /* JMSReceiptMaxModifiedDateGetList.php */ = {isa = PBXFileReference; fileEncoding = 4; lastKnownFileType = text.script.php; path = JMSReceiptMaxModifiedDateGetList.php; sourceTree = "<group>"; };
		EF9C53A721111BC600C7563A /* transactionLog20180730.log */ = {isa = PBXFileReference; fileEncoding = 4; lastKnownFileType = text; path = transactionLog20180730.log; sourceTree = "<group>"; };
		EF9C53A821111BC600C7563A /* JMSMasterGet.php */ = {isa = PBXFileReference; fileEncoding = 4; lastKnownFileType = text.script.php; path = JMSMasterGet.php; sourceTree = "<group>"; };
		EF9C53A921111BC600C7563A /* HtmlTermsOfService.html */ = {isa = PBXFileReference; fileEncoding = 4; lastKnownFileType = text.html; path = HtmlTermsOfService.html; sourceTree = "<group>"; };
		EF9C53AA21111BC600C7563A /* transactionLog20180731.log */ = {isa = PBXFileReference; fileEncoding = 4; lastKnownFileType = text; path = transactionLog20180731.log; sourceTree = "<group>"; };
		EF9C53AB21111BC600C7563A /* JMSUserAccountForgotPasswordInsert.php */ = {isa = PBXFileReference; fileEncoding = 4; lastKnownFileType = text.script.php; path = JMSUserAccountForgotPasswordInsert.php; sourceTree = "<group>"; };
		EF9C53AC21111BC600C7563A /* HtmlContactUs.html */ = {isa = PBXFileReference; fileEncoding = 4; lastKnownFileType = text.html; path = HtmlContactUs.html; sourceTree = "<group>"; };
		EF9C53AD21111BC600C7563A /* dbConnect.php */ = {isa = PBXFileReference; fileEncoding = 4; lastKnownFileType = text.script.php; path = dbConnect.php; sourceTree = "<group>"; };
		EF9C53AE21111BC600C7563A /* HtmlEmailTemplateForgotPassword.html */ = {isa = PBXFileReference; fileEncoding = 4; lastKnownFileType = text.html; path = HtmlEmailTemplateForgotPassword.html; sourceTree = "<group>"; };
		EF9C53AF21111BC600C7563A /* JMSJummumReceiptUpdate.php */ = {isa = PBXFileReference; fileEncoding = 4; lastKnownFileType = text.script.php; path = JMSJummumReceiptUpdate.php; sourceTree = "<group>"; };
		EF9C53B021111BC600C7563A /* JMSReceiptGet.php */ = {isa = PBXFileReference; fileEncoding = 4; lastKnownFileType = text.script.php; path = JMSReceiptGet.php; sourceTree = "<group>"; };
		EF9C53B121111BC600C7563A /* transactionLog20180728.log */ = {isa = PBXFileReference; fileEncoding = 4; lastKnownFileType = text; path = transactionLog20180728.log; sourceTree = "<group>"; };
		EF9C53B221111BC600C7563A /* JMSJummumReceiptSendToKitchen.php */ = {isa = PBXFileReference; fileEncoding = 4; lastKnownFileType = text.script.php; path = JMSJummumReceiptSendToKitchen.php; sourceTree = "<group>"; };
		EF9C53B321111BC600C7563A /* JMSWriteLog.php */ = {isa = PBXFileReference; fileEncoding = 4; lastKnownFileType = text.script.php; path = JMSWriteLog.php; sourceTree = "<group>"; };
		EF9C53B421111BC600C7563A /* JMSDeviceInsert.php */ = {isa = PBXFileReference; fileEncoding = 4; lastKnownFileType = text.script.php; path = JMSDeviceInsert.php; sourceTree = "<group>"; };
		EF9C53B521111BC600C7563A /* JMSReceiptSummaryGetList.php */ = {isa = PBXFileReference; fileEncoding = 4; lastKnownFileType = text.script.php; path = JMSReceiptSummaryGetList.php; sourceTree = "<group>"; };
		EF9C53B621111BC600C7563A /* JMSReceiptPrintInsertList.php */ = {isa = PBXFileReference; fileEncoding = 4; lastKnownFileType = text.script.php; path = JMSReceiptPrintInsertList.php; sourceTree = "<group>"; };
		EF9C53B721111BC600C7563A /* JMSUserAccountValidate.php */ = {isa = PBXFileReference; fileEncoding = 4; lastKnownFileType = text.script.php; path = JMSUserAccountValidate.php; sourceTree = "<group>"; };
		EF9C53B821111BC600C7563A /* JMSOpeningTimeTextGet.php */ = {isa = PBXFileReference; fileEncoding = 4; lastKnownFileType = text.script.php; path = JMSOpeningTimeTextGet.php; sourceTree = "<group>"; };
		EF9C53B921111BC600C7563A /* JMSDisputeCancelInsert.php */ = {isa = PBXFileReference; fileEncoding = 4; lastKnownFileType = text.script.php; path = JMSDisputeCancelInsert.php; sourceTree = "<group>"; };
		EF9C53BA21111BC600C7563A /* JMSSettingUpdate.php */ = {isa = PBXFileReference; fileEncoding = 4; lastKnownFileType = text.script.php; path = JMSSettingUpdate.php; sourceTree = "<group>"; };
		EF9C53BB21111BC600C7563A /* JMSDisputeReasonGetList.php */ = {isa = PBXFileReference; fileEncoding = 4; lastKnownFileType = text.script.php; path = JMSDisputeReasonGetList.php; sourceTree = "<group>"; };
		EF9C53BC21111BC600C7563A /* JMSDisputeInsert.php */ = {isa = PBXFileReference; fileEncoding = 4; lastKnownFileType = text.script.php; path = JMSDisputeInsert.php; sourceTree = "<group>"; };
		EF9C53DB21111C0D00C7563A /* demo_jummum_om_mamarin7.sql */ = {isa = PBXFileReference; fileEncoding = 4; lastKnownFileType = text; path = demo_jummum_om_mamarin7.sql; sourceTree = "<group>"; };
		EF9C53DC21111C0D00C7563A /* demo_jummum_om.sql */ = {isa = PBXFileReference; fileEncoding = 4; lastKnownFileType = text; path = demo_jummum_om.sql; sourceTree = "<group>"; };
/* End PBXFileReference section */

/* Begin PBXFrameworksBuildPhase section */
		EF9C536021111BB600C7563A /* Frameworks */ = {
			isa = PBXFrameworksBuildPhase;
			buildActionMask = 2147483647;
			files = (
			);
			runOnlyForDeploymentPostprocessing = 0;
		};
		EF9C537E21111BB700C7563A /* Frameworks */ = {
			isa = PBXFrameworksBuildPhase;
			buildActionMask = 2147483647;
			files = (
			);
			runOnlyForDeploymentPostprocessing = 0;
		};
		EF9C538921111BB700C7563A /* Frameworks */ = {
			isa = PBXFrameworksBuildPhase;
			buildActionMask = 2147483647;
			files = (
			);
			runOnlyForDeploymentPostprocessing = 0;
		};
/* End PBXFrameworksBuildPhase section */

/* Begin PBXGroup section */
		EF9C535A21111BB600C7563A = {
			isa = PBXGroup;
			children = (
				EF9C539E21111BC600C7563A /* DemoOmUrl */,
				EF9C536521111BB600C7563A /* DemoJummumOmUrl */,
				EF9C538421111BB700C7563A /* DemoJummumOmUrlTests */,
				EF9C538F21111BB700C7563A /* DemoJummumOmUrlUITests */,
				EF9C536421111BB600C7563A /* Products */,
			);
			sourceTree = "<group>";
		};
		EF9C536421111BB600C7563A /* Products */ = {
			isa = PBXGroup;
			children = (
				EF9C536321111BB600C7563A /* DemoJummumOmUrl.app */,
				EF9C538121111BB700C7563A /* DemoJummumOmUrlTests.xctest */,
				EF9C538C21111BB700C7563A /* DemoJummumOmUrlUITests.xctest */,
			);
			name = Products;
			sourceTree = "<group>";
		};
		EF9C536521111BB600C7563A /* DemoJummumOmUrl */ = {
			isa = PBXGroup;
			children = (
				EF9C536621111BB600C7563A /* AppDelegate.h */,
				EF9C536721111BB600C7563A /* AppDelegate.m */,
				EF9C536921111BB600C7563A /* DocumentBrowserViewController.h */,
				EF9C536A21111BB600C7563A /* DocumentBrowserViewController.m */,
				EF9C536C21111BB600C7563A /* DocumentViewController.h */,
				EF9C536D21111BB600C7563A /* DocumentViewController.m */,
				EF9C536F21111BB600C7563A /* Document.h */,
				EF9C537021111BB600C7563A /* Document.m */,
				EF9C537221111BB600C7563A /* Main.storyboard */,
				EF9C537521111BB700C7563A /* Assets.xcassets */,
				EF9C537721111BB700C7563A /* LaunchScreen.storyboard */,
				EF9C537A21111BB700C7563A /* Info.plist */,
				EF9C537B21111BB700C7563A /* main.m */,
			);
			path = DemoJummumOmUrl;
			sourceTree = "<group>";
		};
		EF9C538421111BB700C7563A /* DemoJummumOmUrlTests */ = {
			isa = PBXGroup;
			children = (
				EF9C538521111BB700C7563A /* DemoJummumOmUrlTests.m */,
				EF9C538721111BB700C7563A /* Info.plist */,
			);
			path = DemoJummumOmUrlTests;
			sourceTree = "<group>";
		};
		EF9C538F21111BB700C7563A /* DemoJummumOmUrlUITests */ = {
			isa = PBXGroup;
			children = (
				EF9C539021111BB700C7563A /* DemoJummumOmUrlUITests.m */,
				EF9C539221111BB700C7563A /* Info.plist */,
			);
			path = DemoJummumOmUrlUITests;
			sourceTree = "<group>";
		};
		EF9C539E21111BC600C7563A /* DemoOmUrl */ = {
			isa = PBXGroup;
			children = (
				EF9C53DB21111C0D00C7563A /* demo_jummum_om_mamarin7.sql */,
				EF9C53DC21111C0D00C7563A /* demo_jummum_om.sql */,
				EF9C539F21111BC600C7563A /* JMSBranchGet.php */,
				EF9C53A021111BC600C7563A /* JMSCredentialsValidate.php */,
				EF9C53A121111BC600C7563A /* JMSCredentialsDbGet.php */,
				EF9C53A221111BC600C7563A /* errorLog20180731.log */,
				EF9C53A321111BC600C7563A /* JMSSettingGet.php */,
				EF9C53A421111BC600C7563A /* ck.pem */,
				EF9C53A521111BC600C7563A /* JMSJummumReceiptGetList.php */,
				EF9C53A621111BC600C7563A /* JMSReceiptMaxModifiedDateGetList.php */,
				EF9C53A721111BC600C7563A /* transactionLog20180730.log */,
				EF9C53A821111BC600C7563A /* JMSMasterGet.php */,
				EF9C53A921111BC600C7563A /* HtmlTermsOfService.html */,
				EF9C53AA21111BC600C7563A /* transactionLog20180731.log */,
				EF9C53AB21111BC600C7563A /* JMSUserAccountForgotPasswordInsert.php */,
				EF9C53AC21111BC600C7563A /* HtmlContactUs.html */,
				EF9C53AD21111BC600C7563A /* dbConnect.php */,
				EF9C53AE21111BC600C7563A /* HtmlEmailTemplateForgotPassword.html */,
				EF9C53AF21111BC600C7563A /* JMSJummumReceiptUpdate.php */,
				EF9C53B021111BC600C7563A /* JMSReceiptGet.php */,
				EF9C53B121111BC600C7563A /* transactionLog20180728.log */,
				EF9C53B221111BC600C7563A /* JMSJummumReceiptSendToKitchen.php */,
				EF9C53B321111BC600C7563A /* JMSWriteLog.php */,
				EF9C53B421111BC600C7563A /* JMSDeviceInsert.php */,
				EF9C53B521111BC600C7563A /* JMSReceiptSummaryGetList.php */,
				EF9C53B621111BC600C7563A /* JMSReceiptPrintInsertList.php */,
				EF9C53B721111BC600C7563A /* JMSUserAccountValidate.php */,
				EF9C53B821111BC600C7563A /* JMSOpeningTimeTextGet.php */,
				EF9C53B921111BC600C7563A /* JMSDisputeCancelInsert.php */,
				EF9C53BA21111BC600C7563A /* JMSSettingUpdate.php */,
				EF9C53BB21111BC600C7563A /* JMSDisputeReasonGetList.php */,
				EF9C53BC21111BC600C7563A /* JMSDisputeInsert.php */,
			);
			path = DemoOmUrl;
			sourceTree = "<group>";
		};
/* End PBXGroup section */

/* Begin PBXNativeTarget section */
		EF9C536221111BB600C7563A /* DemoJummumOmUrl */ = {
			isa = PBXNativeTarget;
			buildConfigurationList = EF9C539521111BB700C7563A /* Build configuration list for PBXNativeTarget "DemoJummumOmUrl" */;
			buildPhases = (
				EF9C535F21111BB600C7563A /* Sources */,
				EF9C536021111BB600C7563A /* Frameworks */,
				EF9C536121111BB600C7563A /* Resources */,
			);
			buildRules = (
			);
			dependencies = (
			);
			name = DemoJummumOmUrl;
			productName = DemoJummumOmUrl;
			productReference = EF9C536321111BB600C7563A /* DemoJummumOmUrl.app */;
			productType = "com.apple.product-type.application";
		};
		EF9C538021111BB700C7563A /* DemoJummumOmUrlTests */ = {
			isa = PBXNativeTarget;
			buildConfigurationList = EF9C539821111BB700C7563A /* Build configuration list for PBXNativeTarget "DemoJummumOmUrlTests" */;
			buildPhases = (
				EF9C537D21111BB700C7563A /* Sources */,
				EF9C537E21111BB700C7563A /* Frameworks */,
				EF9C537F21111BB700C7563A /* Resources */,
			);
			buildRules = (
			);
			dependencies = (
				EF9C538321111BB700C7563A /* PBXTargetDependency */,
			);
			name = DemoJummumOmUrlTests;
			productName = DemoJummumOmUrlTests;
			productReference = EF9C538121111BB700C7563A /* DemoJummumOmUrlTests.xctest */;
			productType = "com.apple.product-type.bundle.unit-test";
		};
		EF9C538B21111BB700C7563A /* DemoJummumOmUrlUITests */ = {
			isa = PBXNativeTarget;
			buildConfigurationList = EF9C539B21111BB700C7563A /* Build configuration list for PBXNativeTarget "DemoJummumOmUrlUITests" */;
			buildPhases = (
				EF9C538821111BB700C7563A /* Sources */,
				EF9C538921111BB700C7563A /* Frameworks */,
				EF9C538A21111BB700C7563A /* Resources */,
			);
			buildRules = (
			);
			dependencies = (
				EF9C538E21111BB700C7563A /* PBXTargetDependency */,
			);
			name = DemoJummumOmUrlUITests;
			productName = DemoJummumOmUrlUITests;
			productReference = EF9C538C21111BB700C7563A /* DemoJummumOmUrlUITests.xctest */;
			productType = "com.apple.product-type.bundle.ui-testing";
		};
/* End PBXNativeTarget section */

/* Begin PBXProject section */
		EF9C535B21111BB600C7563A /* Project object */ = {
			isa = PBXProject;
			attributes = {
				LastUpgradeCheck = 0940;
				ORGANIZATIONNAME = "Jummum Tech";
				TargetAttributes = {
					EF9C536221111BB600C7563A = {
						CreatedOnToolsVersion = 9.4.1;
					};
					EF9C538021111BB700C7563A = {
						CreatedOnToolsVersion = 9.4.1;
						TestTargetID = EF9C536221111BB600C7563A;
					};
					EF9C538B21111BB700C7563A = {
						CreatedOnToolsVersion = 9.4.1;
						TestTargetID = EF9C536221111BB600C7563A;
					};
				};
			};
			buildConfigurationList = EF9C535E21111BB600C7563A /* Build configuration list for PBXProject "DemoJummumOmUrl" */;
			compatibilityVersion = "Xcode 9.3";
			developmentRegion = en;
			hasScannedForEncodings = 0;
			knownRegions = (
				en,
				Base,
			);
			mainGroup = EF9C535A21111BB600C7563A;
			productRefGroup = EF9C536421111BB600C7563A /* Products */;
			projectDirPath = "";
			projectRoot = "";
			targets = (
				EF9C536221111BB600C7563A /* DemoJummumOmUrl */,
				EF9C538021111BB700C7563A /* DemoJummumOmUrlTests */,
				EF9C538B21111BB700C7563A /* DemoJummumOmUrlUITests */,
			);
		};
/* End PBXProject section */

/* Begin PBXResourcesBuildPhase section */
		EF9C536121111BB600C7563A /* Resources */ = {
			isa = PBXResourcesBuildPhase;
			buildActionMask = 2147483647;
			files = (
				EF9C53CF21111BC600C7563A /* transactionLog20180728.log in Resources */,
				EF9C53CD21111BC600C7563A /* JMSJummumReceiptUpdate.php in Resources */,
				EF9C537921111BB700C7563A /* LaunchScreen.storyboard in Resources */,
				EF9C53CB21111BC600C7563A /* dbConnect.php in Resources */,
				EF9C53BF21111BC600C7563A /* JMSCredentialsDbGet.php in Resources */,
				EF9C53C321111BC600C7563A /* JMSJummumReceiptGetList.php in Resources */,
				EF9C537621111BB700C7563A /* Assets.xcassets in Resources */,
				EF9C53BE21111BC600C7563A /* JMSCredentialsValidate.php in Resources */,
				EF9C53BD21111BC600C7563A /* JMSBranchGet.php in Resources */,
				EF9C53C221111BC600C7563A /* ck.pem in Resources */,
				EF9C53DD21111C0E00C7563A /* demo_jummum_om_mamarin7.sql in Resources */,
				EF9C53D221111BC600C7563A /* JMSDeviceInsert.php in Resources */,
				EF9C53DA21111BC600C7563A /* JMSDisputeInsert.php in Resources */,
				EF9C53C821111BC600C7563A /* transactionLog20180731.log in Resources */,
				EF9C53D521111BC600C7563A /* JMSUserAccountValidate.php in Resources */,
				EF9C53C021111BC600C7563A /* errorLog20180731.log in Resources */,
				EF9C53CC21111BC600C7563A /* HtmlEmailTemplateForgotPassword.html in Resources */,
				EF9C53D821111BC600C7563A /* JMSSettingUpdate.php in Resources */,
				EF9C537421111BB600C7563A /* Main.storyboard in Resources */,
				EF9C53C421111BC600C7563A /* JMSReceiptMaxModifiedDateGetList.php in Resources */,
				EF9C53CA21111BC600C7563A /* HtmlContactUs.html in Resources */,
				EF9C53D021111BC600C7563A /* JMSJummumReceiptSendToKitchen.php in Resources */,
				EF9C53CE21111BC600C7563A /* JMSReceiptGet.php in Resources */,
				EF9C53C921111BC600C7563A /* JMSUserAccountForgotPasswordInsert.php in Resources */,
				EF9C53D421111BC600C7563A /* JMSReceiptPrintInsertList.php in Resources */,
				EF9C53C621111BC600C7563A /* JMSMasterGet.php in Resources */,
				EF9C53D121111BC600C7563A /* JMSWriteLog.php in Resources */,
				EF9C53C121111BC600C7563A /* JMSSettingGet.php in Resources */,
				EF9C53D721111BC600C7563A /* JMSDisputeCancelInsert.php in Resources */,
				EF9C53C721111BC600C7563A /* HtmlTermsOfService.html in Resources */,
				EF9C53D321111BC600C7563A /* JMSReceiptSummaryGetList.php in Resources */,
				EF9C53D921111BC600C7563A /* JMSDisputeReasonGetList.php in Resources */,
				EF9C53C521111BC600C7563A /* transactionLog20180730.log in Resources */,
				EF9C53DE21111C0E00C7563A /* demo_jummum_om.sql in Resources */,
				EF9C53D621111BC600C7563A /* JMSOpeningTimeTextGet.php in Resources */,
			);
			runOnlyForDeploymentPostprocessing = 0;
		};
		EF9C537F21111BB700C7563A /* Resources */ = {
			isa = PBXResourcesBuildPhase;
			buildActionMask = 2147483647;
			files = (
			);
			runOnlyForDeploymentPostprocessing = 0;
		};
		EF9C538A21111BB700C7563A /* Resources */ = {
			isa = PBXResourcesBuildPhase;
			buildActionMask = 2147483647;
			files = (
			);
			runOnlyForDeploymentPostprocessing = 0;
		};
/* End PBXResourcesBuildPhase section */

/* Begin PBXSourcesBuildPhase section */
		EF9C535F21111BB600C7563A /* Sources */ = {
			isa = PBXSourcesBuildPhase;
			buildActionMask = 2147483647;
			files = (
				EF9C537C21111BB700C7563A /* main.m in Sources */,
				EF9C537121111BB600C7563A /* Document.m in Sources */,
				EF9C536B21111BB600C7563A /* DocumentBrowserViewController.m in Sources */,
				EF9C536E21111BB600C7563A /* DocumentViewController.m in Sources */,
				EF9C536821111BB600C7563A /* AppDelegate.m in Sources */,
			);
			runOnlyForDeploymentPostprocessing = 0;
		};
		EF9C537D21111BB700C7563A /* Sources */ = {
			isa = PBXSourcesBuildPhase;
			buildActionMask = 2147483647;
			files = (
				EF9C538621111BB700C7563A /* DemoJummumOmUrlTests.m in Sources */,
			);
			runOnlyForDeploymentPostprocessing = 0;
		};
		EF9C538821111BB700C7563A /* Sources */ = {
			isa = PBXSourcesBuildPhase;
			buildActionMask = 2147483647;
			files = (
				EF9C539121111BB700C7563A /* DemoJummumOmUrlUITests.m in Sources */,
			);
			runOnlyForDeploymentPostprocessing = 0;
		};
/* End PBXSourcesBuildPhase section */

/* Begin PBXTargetDependency section */
		EF9C538321111BB700C7563A /* PBXTargetDependency */ = {
			isa = PBXTargetDependency;
			target = EF9C536221111BB600C7563A /* DemoJummumOmUrl */;
			targetProxy = EF9C538221111BB700C7563A /* PBXContainerItemProxy */;
		};
		EF9C538E21111BB700C7563A /* PBXTargetDependency */ = {
			isa = PBXTargetDependency;
			target = EF9C536221111BB600C7563A /* DemoJummumOmUrl */;
			targetProxy = EF9C538D21111BB700C7563A /* PBXContainerItemProxy */;
		};
/* End PBXTargetDependency section */

/* Begin PBXVariantGroup section */
		EF9C537221111BB600C7563A /* Main.storyboard */ = {
			isa = PBXVariantGroup;
			children = (
				EF9C537321111BB600C7563A /* Base */,
			);
			name = Main.storyboard;
			sourceTree = "<group>";
		};
		EF9C537721111BB700C7563A /* LaunchScreen.storyboard */ = {
			isa = PBXVariantGroup;
			children = (
				EF9C537821111BB700C7563A /* Base */,
			);
			name = LaunchScreen.storyboard;
			sourceTree = "<group>";
		};
/* End PBXVariantGroup section */

/* Begin XCBuildConfiguration section */
		EF9C539321111BB700C7563A /* Debug */ = {
			isa = XCBuildConfiguration;
			buildSettings = {
				ALWAYS_SEARCH_USER_PATHS = NO;
				CLANG_ANALYZER_NONNULL = YES;
				CLANG_ANALYZER_NUMBER_OBJECT_CONVERSION = YES_AGGRESSIVE;
				CLANG_CXX_LANGUAGE_STANDARD = "gnu++14";
				CLANG_CXX_LIBRARY = "libc++";
				CLANG_ENABLE_MODULES = YES;
				CLANG_ENABLE_OBJC_ARC = YES;
				CLANG_ENABLE_OBJC_WEAK = YES;
				CLANG_WARN_BLOCK_CAPTURE_AUTORELEASING = YES;
				CLANG_WARN_BOOL_CONVERSION = YES;
				CLANG_WARN_COMMA = YES;
				CLANG_WARN_CONSTANT_CONVERSION = YES;
				CLANG_WARN_DEPRECATED_OBJC_IMPLEMENTATIONS = YES;
				CLANG_WARN_DIRECT_OBJC_ISA_USAGE = YES_ERROR;
				CLANG_WARN_DOCUMENTATION_COMMENTS = YES;
				CLANG_WARN_EMPTY_BODY = YES;
				CLANG_WARN_ENUM_CONVERSION = YES;
				CLANG_WARN_INFINITE_RECURSION = YES;
				CLANG_WARN_INT_CONVERSION = YES;
				CLANG_WARN_NON_LITERAL_NULL_CONVERSION = YES;
				CLANG_WARN_OBJC_IMPLICIT_RETAIN_SELF = YES;
				CLANG_WARN_OBJC_LITERAL_CONVERSION = YES;
				CLANG_WARN_OBJC_ROOT_CLASS = YES_ERROR;
				CLANG_WARN_RANGE_LOOP_ANALYSIS = YES;
				CLANG_WARN_STRICT_PROTOTYPES = YES;
				CLANG_WARN_SUSPICIOUS_MOVE = YES;
				CLANG_WARN_UNGUARDED_AVAILABILITY = YES_AGGRESSIVE;
				CLANG_WARN_UNREACHABLE_CODE = YES;
				CLANG_WARN__DUPLICATE_METHOD_MATCH = YES;
				CODE_SIGN_IDENTITY = "iPhone Developer";
				COPY_PHASE_STRIP = NO;
				DEBUG_INFORMATION_FORMAT = dwarf;
				ENABLE_STRICT_OBJC_MSGSEND = YES;
				ENABLE_TESTABILITY = YES;
				GCC_C_LANGUAGE_STANDARD = gnu11;
				GCC_DYNAMIC_NO_PIC = NO;
				GCC_NO_COMMON_BLOCKS = YES;
				GCC_OPTIMIZATION_LEVEL = 0;
				GCC_PREPROCESSOR_DEFINITIONS = (
					"DEBUG=1",
					"$(inherited)",
				);
				GCC_WARN_64_TO_32_BIT_CONVERSION = YES;
				GCC_WARN_ABOUT_RETURN_TYPE = YES_ERROR;
				GCC_WARN_UNDECLARED_SELECTOR = YES;
				GCC_WARN_UNINITIALIZED_AUTOS = YES_AGGRESSIVE;
				GCC_WARN_UNUSED_FUNCTION = YES;
				GCC_WARN_UNUSED_VARIABLE = YES;
				IPHONEOS_DEPLOYMENT_TARGET = 11.4;
				MTL_ENABLE_DEBUG_INFO = YES;
				ONLY_ACTIVE_ARCH = YES;
				SDKROOT = iphoneos;
			};
			name = Debug;
		};
		EF9C539421111BB700C7563A /* Release */ = {
			isa = XCBuildConfiguration;
			buildSettings = {
				ALWAYS_SEARCH_USER_PATHS = NO;
				CLANG_ANALYZER_NONNULL = YES;
				CLANG_ANALYZER_NUMBER_OBJECT_CONVERSION = YES_AGGRESSIVE;
				CLANG_CXX_LANGUAGE_STANDARD = "gnu++14";
				CLANG_CXX_LIBRARY = "libc++";
				CLANG_ENABLE_MODULES = YES;
				CLANG_ENABLE_OBJC_ARC = YES;
				CLANG_ENABLE_OBJC_WEAK = YES;
				CLANG_WARN_BLOCK_CAPTURE_AUTORELEASING = YES;
				CLANG_WARN_BOOL_CONVERSION = YES;
				CLANG_WARN_COMMA = YES;
				CLANG_WARN_CONSTANT_CONVERSION = YES;
				CLANG_WARN_DEPRECATED_OBJC_IMPLEMENTATIONS = YES;
				CLANG_WARN_DIRECT_OBJC_ISA_USAGE = YES_ERROR;
				CLANG_WARN_DOCUMENTATION_COMMENTS = YES;
				CLANG_WARN_EMPTY_BODY = YES;
				CLANG_WARN_ENUM_CONVERSION = YES;
				CLANG_WARN_INFINITE_RECURSION = YES;
				CLANG_WARN_INT_CONVERSION = YES;
				CLANG_WARN_NON_LITERAL_NULL_CONVERSION = YES;
				CLANG_WARN_OBJC_IMPLICIT_RETAIN_SELF = YES;
				CLANG_WARN_OBJC_LITERAL_CONVERSION = YES;
				CLANG_WARN_OBJC_ROOT_CLASS = YES_ERROR;
				CLANG_WARN_RANGE_LOOP_ANALYSIS = YES;
				CLANG_WARN_STRICT_PROTOTYPES = YES;
				CLANG_WARN_SUSPICIOUS_MOVE = YES;
				CLANG_WARN_UNGUARDED_AVAILABILITY = YES_AGGRESSIVE;
				CLANG_WARN_UNREACHABLE_CODE = YES;
				CLANG_WARN__DUPLICATE_METHOD_MATCH = YES;
				CODE_SIGN_IDENTITY = "iPhone Developer";
				COPY_PHASE_STRIP = NO;
				DEBUG_INFORMATION_FORMAT = "dwarf-with-dsym";
				ENABLE_NS_ASSERTIONS = NO;
				ENABLE_STRICT_OBJC_MSGSEND = YES;
				GCC_C_LANGUAGE_STANDARD = gnu11;
				GCC_NO_COMMON_BLOCKS = YES;
				GCC_WARN_64_TO_32_BIT_CONVERSION = YES;
				GCC_WARN_ABOUT_RETURN_TYPE = YES_ERROR;
				GCC_WARN_UNDECLARED_SELECTOR = YES;
				GCC_WARN_UNINITIALIZED_AUTOS = YES_AGGRESSIVE;
				GCC_WARN_UNUSED_FUNCTION = YES;
				GCC_WARN_UNUSED_VARIABLE = YES;
				IPHONEOS_DEPLOYMENT_TARGET = 11.4;
				MTL_ENABLE_DEBUG_INFO = NO;
				SDKROOT = iphoneos;
				VALIDATE_PRODUCT = YES;
			};
			name = Release;
		};
		EF9C539621111BB700C7563A /* Debug */ = {
			isa = XCBuildConfiguration;
			buildSettings = {
				ASSETCATALOG_COMPILER_APPICON_NAME = AppIcon;
				CODE_SIGN_STYLE = Automatic;
				DEVELOPMENT_TEAM = DF8AZLDC5D;
				INFOPLIST_FILE = DemoJummumOmUrl/Info.plist;
				LD_RUNPATH_SEARCH_PATHS = (
					"$(inherited)",
					"@executable_path/Frameworks",
				);
				PRODUCT_BUNDLE_IDENTIFIER = com.JummumCo.DemoJummumOmUrl;
				PRODUCT_NAME = "$(TARGET_NAME)";
				TARGETED_DEVICE_FAMILY = "1,2";
			};
			name = Debug;
		};
		EF9C539721111BB700C7563A /* Release */ = {
			isa = XCBuildConfiguration;
			buildSettings = {
				ASSETCATALOG_COMPILER_APPICON_NAME = AppIcon;
				CODE_SIGN_STYLE = Automatic;
				DEVELOPMENT_TEAM = DF8AZLDC5D;
				INFOPLIST_FILE = DemoJummumOmUrl/Info.plist;
				LD_RUNPATH_SEARCH_PATHS = (
					"$(inherited)",
					"@executable_path/Frameworks",
				);
				PRODUCT_BUNDLE_IDENTIFIER = com.JummumCo.DemoJummumOmUrl;
				PRODUCT_NAME = "$(TARGET_NAME)";
				TARGETED_DEVICE_FAMILY = "1,2";
			};
			name = Release;
		};
		EF9C539921111BB700C7563A /* Debug */ = {
			isa = XCBuildConfiguration;
			buildSettings = {
				BUNDLE_LOADER = "$(TEST_HOST)";
				CODE_SIGN_STYLE = Automatic;
				DEVELOPMENT_TEAM = DF8AZLDC5D;
				INFOPLIST_FILE = DemoJummumOmUrlTests/Info.plist;
				LD_RUNPATH_SEARCH_PATHS = (
					"$(inherited)",
					"@executable_path/Frameworks",
					"@loader_path/Frameworks",
				);
				PRODUCT_BUNDLE_IDENTIFIER = com.JummumCo.DemoJummumOmUrlTests;
				PRODUCT_NAME = "$(TARGET_NAME)";
				TARGETED_DEVICE_FAMILY = "1,2";
				TEST_HOST = "$(BUILT_PRODUCTS_DIR)/DemoJummumOmUrl.app/DemoJummumOmUrl";
			};
			name = Debug;
		};
		EF9C539A21111BB700C7563A /* Release */ = {
			isa = XCBuildConfiguration;
			buildSettings = {
				BUNDLE_LOADER = "$(TEST_HOST)";
				CODE_SIGN_STYLE = Automatic;
				DEVELOPMENT_TEAM = DF8AZLDC5D;
				INFOPLIST_FILE = DemoJummumOmUrlTests/Info.plist;
				LD_RUNPATH_SEARCH_PATHS = (
					"$(inherited)",
					"@executable_path/Frameworks",
					"@loader_path/Frameworks",
				);
				PRODUCT_BUNDLE_IDENTIFIER = com.JummumCo.DemoJummumOmUrlTests;
				PRODUCT_NAME = "$(TARGET_NAME)";
				TARGETED_DEVICE_FAMILY = "1,2";
				TEST_HOST = "$(BUILT_PRODUCTS_DIR)/DemoJummumOmUrl.app/DemoJummumOmUrl";
			};
			name = Release;
		};
		EF9C539C21111BB700C7563A /* Debug */ = {
			isa = XCBuildConfiguration;
			buildSettings = {
				CODE_SIGN_STYLE = Automatic;
				DEVELOPMENT_TEAM = DF8AZLDC5D;
				INFOPLIST_FILE = DemoJummumOmUrlUITests/Info.plist;
				LD_RUNPATH_SEARCH_PATHS = (
					"$(inherited)",
					"@executable_path/Frameworks",
					"@loader_path/Frameworks",
				);
				PRODUCT_BUNDLE_IDENTIFIER = com.JummumCo.DemoJummumOmUrlUITests;
				PRODUCT_NAME = "$(TARGET_NAME)";
				TARGETED_DEVICE_FAMILY = "1,2";
				TEST_TARGET_NAME = DemoJummumOmUrl;
			};
			name = Debug;
		};
		EF9C539D21111BB700C7563A /* Release */ = {
			isa = XCBuildConfiguration;
			buildSettings = {
				CODE_SIGN_STYLE = Automatic;
				DEVELOPMENT_TEAM = DF8AZLDC5D;
				INFOPLIST_FILE = DemoJummumOmUrlUITests/Info.plist;
				LD_RUNPATH_SEARCH_PATHS = (
					"$(inherited)",
					"@executable_path/Frameworks",
					"@loader_path/Frameworks",
				);
				PRODUCT_BUNDLE_IDENTIFIER = com.JummumCo.DemoJummumOmUrlUITests;
				PRODUCT_NAME = "$(TARGET_NAME)";
				TARGETED_DEVICE_FAMILY = "1,2";
				TEST_TARGET_NAME = DemoJummumOmUrl;
			};
			name = Release;
		};
/* End XCBuildConfiguration section */

/* Begin XCConfigurationList section */
		EF9C535E21111BB600C7563A /* Build configuration list for PBXProject "DemoJummumOmUrl" */ = {
			isa = XCConfigurationList;
			buildConfigurations = (
				EF9C539321111BB700C7563A /* Debug */,
				EF9C539421111BB700C7563A /* Release */,
			);
			defaultConfigurationIsVisible = 0;
			defaultConfigurationName = Release;
		};
		EF9C539521111BB700C7563A /* Build configuration list for PBXNativeTarget "DemoJummumOmUrl" */ = {
			isa = XCConfigurationList;
			buildConfigurations = (
				EF9C539621111BB700C7563A /* Debug */,
				EF9C539721111BB700C7563A /* Release */,
			);
			defaultConfigurationIsVisible = 0;
			defaultConfigurationName = Release;
		};
		EF9C539821111BB700C7563A /* Build configuration list for PBXNativeTarget "DemoJummumOmUrlTests" */ = {
			isa = XCConfigurationList;
			buildConfigurations = (
				EF9C539921111BB700C7563A /* Debug */,
				EF9C539A21111BB700C7563A /* Release */,
			);
			defaultConfigurationIsVisible = 0;
			defaultConfigurationName = Release;
		};
		EF9C539B21111BB700C7563A /* Build configuration list for PBXNativeTarget "DemoJummumOmUrlUITests" */ = {
			isa = XCConfigurationList;
			buildConfigurations = (
				EF9C539C21111BB700C7563A /* Debug */,
				EF9C539D21111BB700C7563A /* Release */,
			);
			defaultConfigurationIsVisible = 0;
			defaultConfigurationName = Release;
		};
/* End XCConfigurationList section */
	};
	rootObject = EF9C535B21111BB600C7563A /* Project object */;
}
